Microsoft Visual Studio Solution File, Format Version 12.00
# Visual Studio 2012
Project("{FAE04EC0-301F-11D3-BF4B-00C04F79EFBC}") = "Dungeon Crawlers Godot 4", "Dungeon Crawlers Godot 4.csproj", "{8E18AB8B-D361-4215-938D-769B16FD2359}"
EndProject
Global
	GlobalSection(SolutionConfigurationPlatforms) = preSolution
	Debug|Any CPU = Debug|Any CPU
	ExportDebug|Any CPU = ExportDebug|Any CPU
	ExportRelease|Any CPU = ExportRelease|Any CPU
	EndGlobalSection
	GlobalSection(ProjectConfigurationPlatforms) = postSolution
		{8E18AB8B-D361-4215-938D-769B16FD2359}.Debug|Any CPU.ActiveCfg = Debug|Any CPU
		{8E18AB8B-D361-4215-938D-769B16FD2359}.Debug|Any CPU.Build.0 = Debug|Any CPU
		{8E18AB8B-D361-4215-938D-769B16FD2359}.ExportDebug|Any CPU.ActiveCfg = ExportDebug|Any CPU
		{8E18AB8B-D361-4215-938D-769B16FD2359}.ExportDebug|Any CPU.Build.0 = ExportDebug|Any CPU
		{8E18AB8B-D361-4215-938D-769B16FD2359}.ExportRelease|Any CPU.ActiveCfg = ExportRelease|Any CPU
		{8E18AB8B-D361-4215-938D-769B16FD2359}.ExportRelease|Any CPU.Build.0 = ExportRelease|Any CPU
	EndGlobalSection
EndGlobal
